<?xml version="1.0" encoding="utf-8"?>
<Project ToolsVersion="4.0" xmlns="http://schemas.microsoft.com/developer/msbuild/2003">
  <ItemGroup>
    <Filter Include="ソース ファイル">
      <UniqueIdentifier>{4FC737F1-C7A5-4376-A066-2A32D752A2FF}</UniqueIdentifier>
      <Extensions>cpp;c;cc;cxx;c++;cppm;ixx;def;odl;idl;hpj;bat;asm;asmx</Extensions>
    </Filter>
    <Filter Include="ヘッダー ファイル">
      <UniqueIdentifier>{93995380-89BD-4b04-88EB-625FBE52EBFB}</UniqueIdentifier>
      <Extensions>h;hh;hpp;hxx;h++;hm;inl;inc;ipp;xsd</Extensions>
    </Filter>
    <Filter Include="リソース ファイル">
      <UniqueIdentifier>{67DA6AB6-F800-4c08-8B7A-83BB121AAD01}</UniqueIdentifier>
      <Extensions>rc;ico;cur;bmp;dlg;rc2;rct;bin;rgs;gif;jpg;jpeg;jpe;resx;tiff;tif;png;wav;mfcribbon-ms</Extensions>
    </Filter>
    <Filter Include="ヘッダー ファイル\幾何">
      <UniqueIdentifier>{9818732e-84c1-4d2f-be07-8a5158e8fe82}</UniqueIdentifier>
    </Filter>
    <Filter Include="ヘッダー ファイル\グラフ">
      <UniqueIdentifier>{7ebc4f41-b407-424b-8f38-0c7af0d34a82}</UniqueIdentifier>
    </Filter>
    <Filter Include="ヘッダー ファイル\クエリ処理">
      <UniqueIdentifier>{59d0395d-d97f-40d9-bcbf-0e1ecfbb1a55}</UniqueIdentifier>
    </Filter>
    <Filter Include="ヘッダー ファイル\典型問題">
      <UniqueIdentifier>{3d7ede8b-66a9-4288-8a55-1c2d9a64d7ac}</UniqueIdentifier>
    </Filter>
    <Filter Include="ヘッダー ファイル\最適化">
      <UniqueIdentifier>{10924012-fe11-45fb-985f-2db4efb5c97f}</UniqueIdentifier>
    </Filter>
    <Filter Include="ヘッダー ファイル\ゲーム">
      <UniqueIdentifier>{0a0a9687-d523-498f-b2bd-8450c11ceabf}</UniqueIdentifier>
    </Filter>
    <Filter Include="ヘッダー ファイル\計算">
      <UniqueIdentifier>{59318c8d-7ef2-4194-b058-dabafd79dab4}</UniqueIdentifier>
    </Filter>
    <Filter Include="ヘッダー ファイル\集合">
      <UniqueIdentifier>{4cbbb6b1-b0b0-4a8a-a58d-468e172956ee}</UniqueIdentifier>
    </Filter>
    <Filter Include="ヘッダー ファイル\グラフ%28木%29">
      <UniqueIdentifier>{f8544b87-ea9e-4cc5-9ac6-5603bbad8379}</UniqueIdentifier>
    </Filter>
    <Filter Include="ヘッダー ファイル\文字列">
      <UniqueIdentifier>{4ab017ff-67b5-4897-b871-957943fd7976}</UniqueIdentifier>
    </Filter>
    <Filter Include="ヘッダー ファイル\列%28区間%29">
      <UniqueIdentifier>{29392755-fd06-423f-a2da-fbaaed974ab3}</UniqueIdentifier>
    </Filter>
    <Filter Include="ヘッダー ファイル\データ構造">
      <UniqueIdentifier>{a5a6c0dd-c4f8-45cc-b08b-33f93f3b6563}</UniqueIdentifier>
    </Filter>
    <Filter Include="ヘッダー ファイル\格子">
      <UniqueIdentifier>{513a9a48-7189-4661-903b-331e9487f8e2}</UniqueIdentifier>
    </Filter>
    <Filter Include="ヘッダー ファイル\列">
      <UniqueIdentifier>{9624464e-a2c8-4e1a-b285-83292d7c1f9b}</UniqueIdentifier>
    </Filter>
    <Filter Include="ヘッダー ファイル\アルゴリズム">
      <UniqueIdentifier>{7adeaad2-d27f-482e-842c-f80780e53b38}</UniqueIdentifier>
    </Filter>
    <Filter Include="ヘッダー ファイル\数論">
      <UniqueIdentifier>{bfa2e7c8-eb39-4a41-ba8f-1845a0d9c0c3}</UniqueIdentifier>
    </Filter>
    <Filter Include="ヘッダー ファイル\数の表示">
      <UniqueIdentifier>{cbcf7be6-52aa-4b89-828d-166001894684}</UniqueIdentifier>
    </Filter>
    <Filter Include="ヘッダー ファイル\確率統計">
      <UniqueIdentifier>{36597baf-90fc-48c6-a94a-085803720106}</UniqueIdentifier>
    </Filter>
    <Filter Include="ヘッダー ファイル\代数">
      <UniqueIdentifier>{a4e43b3f-cd28-4954-94a9-975a103cd4fe}</UniqueIdentifier>
    </Filter>
    <Filter Include="ヘッダー ファイル\組合せ論">
      <UniqueIdentifier>{a1ad5cc8-853c-42d6-a8c6-f048198ec587}</UniqueIdentifier>
    </Filter>
    <Filter Include="ヘッダー ファイル\行列">
      <UniqueIdentifier>{123631c0-bf2a-494d-8537-b924053d4f00}</UniqueIdentifier>
    </Filter>
    <Filter Include="ヘッダー ファイル\列%28順列%29">
      <UniqueIdentifier>{e2da9ab7-f290-494d-9e07-ce1755bf7045}</UniqueIdentifier>
    </Filter>
    <Filter Include="ヘッダー ファイル\形式言語">
      <UniqueIdentifier>{7e10408f-9ee3-4a62-83d6-b269a25a7751}</UniqueIdentifier>
    </Filter>
    <Filter Include="ヘッダー ファイル\列%28ビット列%29">
      <UniqueIdentifier>{ca4b84a6-6a56-4d54-82ac-a5172193457f}</UniqueIdentifier>
    </Filter>
    <Filter Include="ヘッダー ファイル\畳込み">
      <UniqueIdentifier>{f67acbe2-b999-4677-8f6d-a1b5cd25b10f}</UniqueIdentifier>
    </Filter>
    <Filter Include="ヘッダー ファイル\抽象代数">
      <UniqueIdentifier>{56f5b44a-7edc-4f7f-835f-e9b5763fd635}</UniqueIdentifier>
    </Filter>
  </ItemGroup>
  <ItemGroup>
    <ClCompile Include="main.cpp">
      <Filter>ソース ファイル</Filter>
    </ClCompile>
  </ItemGroup>
  <ItemGroup>
    <ClInclude Include="header.h">
      <Filter>ヘッダー ファイル</Filter>
    </ClInclude>
    <ClInclude Include="構造%28幾何%29.h">
      <Filter>ヘッダー ファイル\幾何</Filter>
    </ClInclude>
    <ClInclude Include="判定%28幾何%29.h">
      <Filter>ヘッダー ファイル\幾何</Filter>
    </ClInclude>
    <ClInclude Include="計量.h">
      <Filter>ヘッダー ファイル\幾何</Filter>
    </ClInclude>
    <ClInclude Include="探索%28グラフ%29.h">
      <Filter>ヘッダー ファイル\グラフ</Filter>
    </ClInclude>
    <ClInclude Include="ナップサック問題.h">
      <Filter>ヘッダー ファイル\典型問題</Filter>
    </ClInclude>
    <ClInclude Include="行列.h">
      <Filter>ヘッダー ファイル\行列</Filter>
    </ClInclude>
    <ClInclude Include="疎行列.h">
      <Filter>ヘッダー ファイル\行列</Filter>
    </ClInclude>
    <ClInclude Include="ベクトル.h">
      <Filter>ヘッダー ファイル\行列</Filter>
    </ClInclude>
    <ClInclude Include="分析%28グラフ%29.h">
      <Filter>ヘッダー ファイル\グラフ</Filter>
    </ClInclude>
    <ClInclude Include="列挙(グラフ).h">
      <Filter>ヘッダー ファイル\グラフ</Filter>
    </ClInclude>
    <ClInclude Include="木クエリ.h">
      <Filter>ヘッダー ファイル\クエリ処理</Filter>
    </ClInclude>
    <ClInclude Include="構造(グラフ).h">
      <Filter>ヘッダー ファイル\グラフ</Filter>
    </ClInclude>
    <ClInclude Include="部分列.h">
      <Filter>ヘッダー ファイル\列</Filter>
    </ClInclude>
    <ClInclude Include="部分和問題.h">
      <Filter>ヘッダー ファイル\典型問題</Filter>
    </ClInclude>
    <ClInclude Include="区間.h">
      <Filter>ヘッダー ファイル\列%28区間%29</Filter>
    </ClInclude>
    <ClInclude Include="複数図形.h">
      <Filter>ヘッダー ファイル\幾何</Filter>
    </ClInclude>
    <ClInclude Include="線形計画問題.h">
      <Filter>ヘッダー ファイル\最適化</Filter>
    </ClInclude>
    <ClInclude Include="クエリ.h">
      <Filter>ヘッダー ファイル\クエリ処理</Filter>
    </ClInclude>
    <ClInclude Include="ビット行列.h">
      <Filter>ヘッダー ファイル\行列</Filter>
    </ClInclude>
    <ClInclude Include="グラフクエリ.h">
      <Filter>ヘッダー ファイル\クエリ処理</Filter>
    </ClInclude>
    <ClInclude Include="ゲーム.h">
      <Filter>ヘッダー ファイル\ゲーム</Filter>
    </ClInclude>
    <ClInclude Include="数列の和.h">
      <Filter>ヘッダー ファイル\計算</Filter>
    </ClInclude>
    <ClInclude Include="列.h">
      <Filter>ヘッダー ファイル\列</Filter>
    </ClInclude>
    <ClInclude Include="最適化%28グラフ%29.h">
      <Filter>ヘッダー ファイル\グラフ</Filter>
    </ClInclude>
    <ClInclude Include="合同式.h">
      <Filter>ヘッダー ファイル\数論</Filter>
    </ClInclude>
    <ClInclude Include="数論.h">
      <Filter>ヘッダー ファイル\数論</Filter>
    </ClInclude>
    <ClInclude Include="確率.h">
      <Filter>ヘッダー ファイル\確率統計</Filter>
    </ClInclude>
    <ClInclude Include="期待値.h">
      <Filter>ヘッダー ファイル\確率統計</Filter>
    </ClInclude>
    <ClInclude Include="不偏ゲーム.h">
      <Filter>ヘッダー ファイル\ゲーム</Filter>
    </ClInclude>
    <ClInclude Include="区間DP.h">
      <Filter>ヘッダー ファイル\列%28区間%29</Filter>
    </ClInclude>
    <ClInclude Include="ビット全探索.h">
      <Filter>ヘッダー ファイル\集合</Filter>
    </ClInclude>
    <ClInclude Include="分析%28木%29.h">
      <Filter>ヘッダー ファイル\グラフ%28木%29</Filter>
    </ClInclude>
    <ClInclude Include="構造(木).h">
      <Filter>ヘッダー ファイル\グラフ%28木%29</Filter>
    </ClInclude>
    <ClInclude Include="mint.h">
      <Filter>ヘッダー ファイル\数論</Filter>
    </ClInclude>
    <ClInclude Include="最短路.h">
      <Filter>ヘッダー ファイル\グラフ</Filter>
    </ClInclude>
    <ClInclude Include="数論%28高速%29.h">
      <Filter>ヘッダー ファイル\数論</Filter>
    </ClInclude>
    <ClInclude Include="分析(文字列).h">
      <Filter>ヘッダー ファイル\文字列</Filter>
    </ClInclude>
    <ClInclude Include="01計画問題.h">
      <Filter>ヘッダー ファイル\最適化</Filter>
    </ClInclude>
    <ClInclude Include="数論(一括).h">
      <Filter>ヘッダー ファイル\数論</Filter>
    </ClInclude>
    <ClInclude Include="モノイド.h">
      <Filter>ヘッダー ファイル\抽象代数</Filter>
    </ClInclude>
    <ClInclude Include="M-モノイド.h">
      <Filter>ヘッダー ファイル\抽象代数</Filter>
    </ClInclude>
    <ClInclude Include="Z-加群.h">
      <Filter>ヘッダー ファイル\抽象代数</Filter>
    </ClInclude>
    <ClInclude Include="半環.h">
      <Filter>ヘッダー ファイル\抽象代数</Filter>
    </ClInclude>
    <ClInclude Include="環.h">
      <Filter>ヘッダー ファイル\抽象代数</Filter>
    </ClInclude>
    <ClInclude Include="ヒープ.h">
      <Filter>ヘッダー ファイル\データ構造</Filter>
    </ClInclude>
    <ClInclude Include="辞書%28静的%29.h">
      <Filter>ヘッダー ファイル\データ構造</Filter>
    </ClInclude>
    <ClInclude Include="Union-Find.h">
      <Filter>ヘッダー ファイル\データ構造</Filter>
    </ClInclude>
    <ClInclude Include="セグメント木%28抽象%29.h">
      <Filter>ヘッダー ファイル\データ構造</Filter>
    </ClInclude>
    <ClInclude Include="フェニック木%28抽象%29.h">
      <Filter>ヘッダー ファイル\データ構造</Filter>
    </ClInclude>
    <ClInclude Include="格子.h">
      <Filter>ヘッダー ファイル\格子</Filter>
    </ClInclude>
    <ClInclude Include="DAG.h">
      <Filter>ヘッダー ファイル\グラフ</Filter>
    </ClInclude>
    <ClInclude Include="格子路.h">
      <Filter>ヘッダー ファイル\格子</Filter>
    </ClInclude>
    <ClInclude Include="探索.h">
      <Filter>ヘッダー ファイル\アルゴリズム</Filter>
    </ClInclude>
    <ClInclude Include="座標圧縮.h">
      <Filter>ヘッダー ファイル\アルゴリズム</Filter>
    </ClInclude>
    <ClInclude Include="いもす法.h">
      <Filter>ヘッダー ファイル\アルゴリズム</Filter>
    </ClInclude>
    <ClInclude Include="ソート.h">
      <Filter>ヘッダー ファイル\アルゴリズム</Filter>
    </ClInclude>
    <ClInclude Include="辞書順.h">
      <Filter>ヘッダー ファイル\文字列</Filter>
    </ClInclude>
    <ClInclude Include="群.h">
      <Filter>ヘッダー ファイル\抽象代数</Filter>
    </ClInclude>
    <ClInclude Include="計算.h">
      <Filter>ヘッダー ファイル\計算</Filter>
    </ClInclude>
    <ClInclude Include="行列(抽象).h">
      <Filter>ヘッダー ファイル\行列</Filter>
    </ClInclude>
    <ClInclude Include="全順序集合.h">
      <Filter>ヘッダー ファイル\抽象代数</Filter>
    </ClInclude>
    <ClInclude Include="一変数最適化.h">
      <Filter>ヘッダー ファイル\最適化</Filter>
    </ClInclude>
    <ClInclude Include="包除原理.h">
      <Filter>ヘッダー ファイル\集合</Filter>
    </ClInclude>
    <ClInclude Include="桁DP%28上から%29.h">
      <Filter>ヘッダー ファイル\数の表示</Filter>
    </ClInclude>
    <ClInclude Include="数の表示.h">
      <Filter>ヘッダー ファイル\数の表示</Filter>
    </ClInclude>
    <ClInclude Include="桁DP(下から).h">
      <Filter>ヘッダー ファイル\数の表示</Filter>
    </ClInclude>
    <ClInclude Include="混合基数.h">
      <Filter>ヘッダー ファイル\数の表示</Filter>
    </ClInclude>
    <ClInclude Include="統計量.h">
      <Filter>ヘッダー ファイル\確率統計</Filter>
    </ClInclude>
    <ClInclude Include="全域木.h">
      <Filter>ヘッダー ファイル\グラフ</Filter>
    </ClInclude>
    <ClInclude Include="探索(木).h">
      <Filter>ヘッダー ファイル\グラフ%28木%29</Filter>
    </ClInclude>
    <ClInclude Include="変形%28格子%29.h">
      <Filter>ヘッダー ファイル\格子</Filter>
    </ClInclude>
    <ClInclude Include="有名パズル.h">
      <Filter>ヘッダー ファイル\典型問題</Filter>
    </ClInclude>
    <ClInclude Include="マッチング%28二部%29.h">
      <Filter>ヘッダー ファイル\グラフ</Filter>
    </ClInclude>
    <ClInclude Include="変換%28グラフ%29.h">
      <Filter>ヘッダー ファイル\グラフ</Filter>
    </ClInclude>
    <ClInclude Include="列挙(列).h">
      <Filter>ヘッダー ファイル\列</Filter>
    </ClInclude>
    <ClInclude Include="列挙(格子).h">
      <Filter>ヘッダー ファイル\格子</Filter>
    </ClInclude>
    <ClInclude Include="列挙(集合).h">
      <Filter>ヘッダー ファイル\集合</Filter>
    </ClInclude>
    <ClInclude Include="前処理%28文字列%29.h">
      <Filter>ヘッダー ファイル\文字列</Filter>
    </ClInclude>
    <ClInclude Include="スコア和%28区間%29.h">
      <Filter>ヘッダー ファイル\列%28区間%29</Filter>
    </ClInclude>
    <ClInclude Include="マトロイド.h">
      <Filter>ヘッダー ファイル\行列</Filter>
    </ClInclude>
    <ClInclude Include="前処理(列).h">
      <Filter>ヘッダー ファイル\列</Filter>
    </ClInclude>
    <ClInclude Include="ビット演算.h">
      <Filter>ヘッダー ファイル\計算</Filter>
    </ClInclude>
    <ClInclude Include="ハッシュ.h">
      <Filter>ヘッダー ファイル\アルゴリズム</Filter>
    </ClInclude>
    <ClInclude Include="作図.h">
      <Filter>ヘッダー ファイル\幾何</Filter>
    </ClInclude>
    <ClInclude Include="列挙(文字列).h">
      <Filter>ヘッダー ファイル\文字列</Filter>
    </ClInclude>
    <ClInclude Include="ダブリング.h">
      <Filter>ヘッダー ファイル\アルゴリズム</Filter>
    </ClInclude>
    <ClInclude Include="多倍長整数.h">
      <Filter>ヘッダー ファイル\計算</Filter>
    </ClInclude>
    <ClInclude Include="数え上げ(グラフ).h">
      <Filter>ヘッダー ファイル\グラフ</Filter>
    </ClInclude>
    <ClInclude Include="確率分布.h">
      <Filter>ヘッダー ファイル\確率統計</Filter>
    </ClInclude>
    <ClInclude Include="周期性.h">
      <Filter>ヘッダー ファイル\アルゴリズム</Filter>
    </ClInclude>
    <ClInclude Include="数え上げ(区間).h">
      <Filter>ヘッダー ファイル\列%28区間%29</Filter>
    </ClInclude>
    <ClInclude Include="FPS(bit).h">
      <Filter>ヘッダー ファイル\代数</Filter>
    </ClInclude>
    <ClInclude Include="FPS%28mint%29.h">
      <Filter>ヘッダー ファイル\代数</Filter>
    </ClInclude>
    <ClInclude Include="FPS(抽象).h">
      <Filter>ヘッダー ファイル\代数</Filter>
    </ClInclude>
    <ClInclude Include="多項式.h">
      <Filter>ヘッダー ファイル\代数</Filter>
    </ClInclude>
    <ClInclude Include="群論.h">
      <Filter>ヘッダー ファイル\代数</Filter>
    </ClInclude>
    <ClInclude Include="桁DP(組).h">
      <Filter>ヘッダー ファイル\数の表示</Filter>
    </ClInclude>
    <ClInclude Include="local.hpp">
      <Filter>ヘッダー ファイル</Filter>
    </ClInclude>
    <ClInclude Include="数え上げ(文字列).h">
      <Filter>ヘッダー ファイル\文字列</Filter>
    </ClInclude>
    <ClInclude Include="数え上げ(木).h">
      <Filter>ヘッダー ファイル\グラフ%28木%29</Filter>
    </ClInclude>
    <ClInclude Include="二項係数.h">
      <Filter>ヘッダー ファイル\組合せ論</Filter>
    </ClInclude>
    <ClInclude Include="写像12相.h">
      <Filter>ヘッダー ファイル\組合せ論</Filter>
    </ClInclude>
    <ClInclude Include="有名数列.h">
      <Filter>ヘッダー ファイル\組合せ論</Filter>
    </ClInclude>
    <ClInclude Include="括弧列.h">
      <Filter>ヘッダー ファイル\文字列</Filter>
    </ClInclude>
    <ClInclude Include="木DP.h">
      <Filter>ヘッダー ファイル\グラフ%28木%29</Filter>
    </ClInclude>
    <ClInclude Include="スコア和(集合).h">
      <Filter>ヘッダー ファイル\集合</Filter>
    </ClInclude>
    <ClInclude Include="二分木.h">
      <Filter>ヘッダー ファイル\グラフ%28木%29</Filter>
    </ClInclude>
    <ClInclude Include="max.h">
      <Filter>ヘッダー ファイル\計算</Filter>
    </ClInclude>
    <ClInclude Include="永続データ構造.h">
      <Filter>ヘッダー ファイル\データ構造</Filter>
    </ClInclude>
    <ClInclude Include="デザイン.h">
      <Filter>ヘッダー ファイル\組合せ論</Filter>
    </ClInclude>
    <ClInclude Include="M-全順序集合.h">
      <Filter>ヘッダー ファイル\抽象代数</Filter>
    </ClInclude>
    <ClInclude Include="不完全M-モノイド.h">
      <Filter>ヘッダー ファイル\抽象代数</Filter>
    </ClInclude>
    <ClInclude Include="辞書%28動的%29.h">
      <Filter>ヘッダー ファイル\データ構造</Filter>
    </ClInclude>
    <ClInclude Include="マッチング(一般).h">
      <Filter>ヘッダー ファイル\グラフ</Filter>
    </ClInclude>
    <ClInclude Include="M-集合.h">
      <Filter>ヘッダー ファイル\抽象代数</Filter>
    </ClInclude>
    <ClInclude Include="順列.h">
      <Filter>ヘッダー ファイル\列%28順列%29</Filter>
    </ClInclude>
    <ClInclude Include="数え上げ%28順列%29.h">
      <Filter>ヘッダー ファイル\列%28順列%29</Filter>
    </ClInclude>
    <ClInclude Include="スコア和(順列).h">
      <Filter>ヘッダー ファイル\列%28順列%29</Filter>
    </ClInclude>
    <ClInclude Include="母関数.h">
      <Filter>ヘッダー ファイル\組合せ論</Filter>
    </ClInclude>
    <ClInclude Include="尺取り法.h">
      <Filter>ヘッダー ファイル\列%28区間%29</Filter>
    </ClInclude>
    <ClInclude Include="最適化(区間).h">
      <Filter>ヘッダー ファイル\列%28区間%29</Filter>
    </ClInclude>
    <ClInclude Include="文脈自由文法.h">
      <Filter>ヘッダー ファイル\形式言語</Filter>
    </ClInclude>
    <ClInclude Include="構文解析.h">
      <Filter>ヘッダー ファイル\形式言語</Filter>
    </ClInclude>
    <ClInclude Include="オートマトン.h">
      <Filter>ヘッダー ファイル\形式言語</Filter>
    </ClInclude>
    <ClInclude Include="スコア和%28組%29.h">
      <Filter>ヘッダー ファイル\集合</Filter>
    </ClInclude>
    <ClInclude Include="最適化%28組%29.h">
      <Filter>ヘッダー ファイル\集合</Filter>
    </ClInclude>
    <ClInclude Include="最適化%28分割%29.h">
      <Filter>ヘッダー ファイル\集合</Filter>
    </ClInclude>
    <ClInclude Include="最適化%28順列%29.h">
      <Filter>ヘッダー ファイル\列%28順列%29</Filter>
    </ClInclude>
    <ClInclude Include="列挙(区間).h">
      <Filter>ヘッダー ファイル\列%28区間%29</Filter>
    </ClInclude>
    <ClInclude Include="数え上げ(ビット列).h">
      <Filter>ヘッダー ファイル\列%28ビット列%29</Filter>
    </ClInclude>
    <ClInclude Include="最適化(ビット列).h">
      <Filter>ヘッダー ファイル\列%28ビット列%29</Filter>
    </ClInclude>
    <ClInclude Include="ビット列.h">
      <Filter>ヘッダー ファイル\列%28ビット列%29</Filter>
    </ClInclude>
    <ClInclude Include="スコア和%28ビット列%29.h">
      <Filter>ヘッダー ファイル\列%28ビット列%29</Filter>
    </ClInclude>
    <ClInclude Include="列挙(ビット列).h">
      <Filter>ヘッダー ファイル\列%28ビット列%29</Filter>
    </ClInclude>
    <ClInclude Include="数え上げ(列).h">
      <Filter>ヘッダー ファイル\列</Filter>
    </ClInclude>
    <ClInclude Include="列挙(順列).h">
      <Filter>ヘッダー ファイル\列%28順列%29</Filter>
    </ClInclude>
    <ClInclude Include="整除算.h">
      <Filter>ヘッダー ファイル\数論</Filter>
    </ClInclude>
    <ClInclude Include="フロー.h">
      <Filter>ヘッダー ファイル\グラフ</Filter>
    </ClInclude>
    <ClInclude Include="フロー双対.h">
      <Filter>ヘッダー ファイル\最適化</Filter>
    </ClInclude>
    <ClInclude Include="累積演算%28抽象%29.h">
      <Filter>ヘッダー ファイル\アルゴリズム</Filter>
    </ClInclude>
    <ClInclude Include="累積演算.h">
      <Filter>ヘッダー ファイル\アルゴリズム</Filter>
    </ClInclude>
    <ClInclude Include="積の和典型.h">
      <Filter>ヘッダー ファイル\組合せ論</Filter>
    </ClInclude>
    <ClInclude Include="ヤング図形.h">
      <Filter>ヘッダー ファイル\組合せ論</Filter>
    </ClInclude>
    <ClInclude Include="数え上げ(集合).h">
      <Filter>ヘッダー ファイル\集合</Filter>
    </ClInclude>
    <ClInclude Include="最適化(木).h">
      <Filter>ヘッダー ファイル\グラフ%28木%29</Filter>
    </ClInclude>
    <ClInclude Include="スコア和(木).h">
      <Filter>ヘッダー ファイル\グラフ%28木%29</Filter>
    </ClInclude>
    <ClInclude Include="畳込み.h">
      <Filter>ヘッダー ファイル\畳込み</Filter>
    </ClInclude>
    <ClInclude Include="ゼータ変換.h">
      <Filter>ヘッダー ファイル\畳込み</Filter>
    </ClInclude>
    <ClInclude Include="ゼータ変換(抽象).h">
      <Filter>ヘッダー ファイル\畳込み</Filter>
    </ClInclude>
    <ClInclude Include="約数変換.h">
      <Filter>ヘッダー ファイル\畳込み</Filter>
    </ClInclude>
    <ClInclude Include="トロピカル畳込み.h">
      <Filter>ヘッダー ファイル\畳込み</Filter>
    </ClInclude>
    <ClInclude Include="数論変換.h">
      <Filter>ヘッダー ファイル\畳込み</Filter>
    </ClInclude>
    <ClInclude Include="フーリエ変換.h">
      <Filter>ヘッダー ファイル\畳込み</Filter>
    </ClInclude>
    <ClInclude Include="アダマール変換.h">
      <Filter>ヘッダー ファイル\畳込み</Filter>
    </ClInclude>
    <ClInclude Include="累積和.h">
      <Filter>ヘッダー ファイル\畳込み</Filter>
    </ClInclude>
    <ClInclude Include="関数.h">
      <Filter>ヘッダー ファイル\データ構造</Filter>
    </ClInclude>
  </ItemGroup>
  <ItemGroup>
    <Text Include="input.txt">
      <Filter>リソース ファイル</Filter>
    </Text>
    <Text Include="output.txt">
      <Filter>リソース ファイル</Filter>
    </Text>
  </ItemGroup>
</Project>